repository=VietAI/envit5-translation
revision=840bc88104d5a4277af740eaedb024df8c3093e7

pytorch_model.bin.sha256=eef48b3eee23aae577e965ce8da5b2e9dcadfc4d08a85e2a302ef4b929fb613e
spiece.model.sha256=3b4eda923bbac1726e8fda66254a8783ecc705be5577149ee8c98074efdb5de5

converter.ctranslate2=4.8.1
converter.transformers=4.56.2
converter.torch=2.6.0+cpu
converter.sentencepiece=0.2.1

quantization=int8_float32
runtime.device=cpu
runtime.compute_type=int8_float32

envit5-ct2.tar.sha256=e5ddd932173cca21fd181eab4b2888955ff291ce0cbefcdca1fdb5333bd01588

canonical_stt_rewrite=false
translation_post_asr_only=true

redistribution_review_required=true
